
Microsoft Visual Studio Solution File, Format Version 12.00
# Visual Studio Version 17
VisualStudioVersion = 17.5.33627.172
MinimumVisualStudioVersion = 10.0.40219.1
Project("{FAE04EC0-301F-11D3-BF4B-00C04F79EFBC}") = "EasyGPTBot", "EasyGPTBot.csproj", "{170A5066-2E48-43E4-AABD-2A20877647B6}"
EndProject
Global
	GlobalSection(SolutionConfigurationPlatforms) = preSolution
		Debug|Any CPU = Debug|Any CPU
		Release|Any CPU = Release|Any CPU
	EndGlobalSection
	GlobalSection(ProjectConfigurationPlatforms) = postSolution
		{170A5066-2E48-43E4-AABD-2A20877647B6}.Debug|Any CPU.ActiveCfg = Debug|Any CPU
		{170A5066-2E48-43E4-AABD-2A20877647B6}.Debug|Any CPU.Build.0 = Debug|Any CPU
		{170A5066-2E48-43E4-AABD-2A20877647B6}.Release|Any CPU.ActiveCfg = Release|Any CPU
		{170A5066-2E48-43E4-AABD-2A20877647B6}.Release|Any CPU.Build.0 = Release|Any CPU
	EndGlobalSection
	GlobalSection(SolutionProperties) = preSolution
		HideSolutionNode = FALSE
	EndGlobalSection
	GlobalSection(ExtensibilityGlobals) = postSolution
		SolutionGuid = {B88E18AD-03B9-4930-B671-268364F0DE21}
	EndGlobalSection
EndGlobal
